// !$*UTF8*$!
{
	archiveVersion = 1;
	classes = {
	};
	objectVersion = 51;
	objects = {

/* Begin PBXBuildFile section */
		48C40BC87F8A7DADB2698965 /* Pods_aware_client_ios_v2Tests.framework in Frameworks */ = {isa = PBXBuildFile; fileRef = EE5594A4A225065C029082AF /* Pods_aware_client_ios_v2Tests.framework */; };
		4F0BC9A1222D4952006348E4 /* AdvancedSettingsViewController.swift in Sources */ = {isa = PBXBuildFile; fileRef = 4F0BC9A0222D4952006348E4 /* AdvancedSettingsViewController.swift */; };
		4F0BC9A3222D6BE3006348E4 /* SensorSettingViewController.swift in Sources */ = {isa = PBXBuildFile; fileRef = 4F0BC9A2222D6BE3006348E4 /* SensorSettingViewController.swift */; };
		4F1B11B022286E75006F3176 /* MapCard.swift in Sources */ = {isa = PBXBuildFile; fileRef = 4F1B11AA22286E74006F3176 /* MapCard.swift */; };
		4F1B11B122286E75006F3176 /* DeviceUsageCard.swift in Sources */ = {isa = PBXBuildFile; fileRef = 4F1B11AB22286E74006F3176 /* DeviceUsageCard.swift */; };
		4F1B11B222286E75006F3176 /* ContextCard.xib in Resources */ = {isa = PBXBuildFile; fileRef = 4F1B11AC22286E74006F3176 /* ContextCard.xib */; };
		4F1B11B322286E75006F3176 /* ScatterChartCard.swift in Sources */ = {isa = PBXBuildFile; fileRef = 4F1B11AD22286E74006F3176 /* ScatterChartCard.swift */; };
		4F1B11B422286E75006F3176 /* ContextCard.swift in Sources */ = {isa = PBXBuildFile; fileRef = 4F1B11AE22286E74006F3176 /* ContextCard.swift */; };
		4F1B11B522286E75006F3176 /* BarChartCard.swift in Sources */ = {isa = PBXBuildFile; fileRef = 4F1B11AF22286E74006F3176 /* BarChartCard.swift */; };
		4F530264240D4EEE008E3342 /* Localizable.strings in Resources */ = {isa = PBXBuildFile; fileRef = 4F530266240D4EEE008E3342 /* Localizable.strings */; };
		4F70E8AD241DA28000A8AAA8 /* LocationPermissionViewController.swift in Sources */ = {isa = PBXBuildFile; fileRef = 4F70E8AC241DA28000A8AAA8 /* LocationPermissionViewController.swift */; };
		4FC60F4C2395E37D007740E4 /* MapKit.framework in Frameworks */ = {isa = PBXBuildFile; fileRef = 4FC60F4B2395E37D007740E4 /* MapKit.framework */; };
		4FDA1E4A2423B51C004F891F /* ESMCard.swift in Sources */ = {isa = PBXBuildFile; fileRef = 4FDA1E492423B51C004F891F /* ESMCard.swift */; };
		4FDB55F4233C49B50095E7D7 /* ExternalAccessory.framework in Frameworks */ = {isa = PBXBuildFile; fileRef = 4FDB55F3233C49B50095E7D7 /* ExternalAccessory.framework */; };
		4FEA0298237B8D1700CFDC2F /* OnboardingManager.swift in Sources */ = {isa = PBXBuildFile; fileRef = 4FEA0297237B8D1700CFDC2F /* OnboardingManager.swift */; };
		4FFAC5EF2231089D00FE40B0 /* QuartzCore.framework in Frameworks */ = {isa = PBXBuildFile; fileRef = 4FFAC5EE2231089D00FE40B0 /* QuartzCore.framework */; };
		4FFAC5F122356FA500FE40B0 /* HealthKit.framework in Frameworks */ = {isa = PBXBuildFile; fileRef = 4FFAC5F022356FA500FE40B0 /* HealthKit.framework */; };
		4FFE19772226A10B00C4715E /* AppDelegate.swift in Sources */ = {isa = PBXBuildFile; fileRef = 4FFE19762226A10B00C4715E /* AppDelegate.swift */; };
		4FFE19792226A10B00C4715E /* ViewController.swift in Sources */ = {isa = PBXBuildFile; fileRef = 4FFE19782226A10B00C4715E /* ViewController.swift */; };
		4FFE197C2226A10B00C4715E /* Main.storyboard in Resources */ = {isa = PBXBuildFile; fileRef = 4FFE197A2226A10B00C4715E /* Main.storyboard */; };
		4FFE197F2226A10B00C4715E /* aware_client_ios_v2.xcdatamodeld in Sources */ = {isa = PBXBuildFile; fileRef = 4FFE197D2226A10B00C4715E /* aware_client_ios_v2.xcdatamodeld */; };
		4FFE19812226A10D00C4715E /* Assets.xcassets in Resources */ = {isa = PBXBuildFile; fileRef = 4FFE19802226A10D00C4715E /* Assets.xcassets */; };
		4FFE19842226A10D00C4715E /* LaunchScreen.storyboard in Resources */ = {isa = PBXBuildFile; fileRef = 4FFE19822226A10D00C4715E /* LaunchScreen.storyboard */; };
		4FFE198F2226A10D00C4715E /* aware_client_ios_v2Tests.swift in Sources */ = {isa = PBXBuildFile; fileRef = 4FFE198E2226A10D00C4715E /* aware_client_ios_v2Tests.swift */; };
		4FFE199A2226A10D00C4715E /* aware_client_ios_v2UITests.swift in Sources */ = {isa = PBXBuildFile; fileRef = 4FFE19992226A10D00C4715E /* aware_client_ios_v2UITests.swift */; };
		4FFE19A82226A41900C4715E /* ContextCardViewController.swift in Sources */ = {isa = PBXBuildFile; fileRef = 4FFE19A72226A41900C4715E /* ContextCardViewController.swift */; };
		4FFE19AC2226A47300C4715E /* QRCodeReaderViewController.swift in Sources */ = {isa = PBXBuildFile; fileRef = 4FFE19AB2226A47300C4715E /* QRCodeReaderViewController.swift */; };
		4FFE19B02226C7DC00C4715E /* ESMViewController.swift in Sources */ = {isa = PBXBuildFile; fileRef = 4FFE19AF2226C7DC00C4715E /* ESMViewController.swift */; };
		4FFE19B22226D2C100C4715E /* AwareTableViewCell.swift in Sources */ = {isa = PBXBuildFile; fileRef = 4FFE19B12226D2C100C4715E /* AwareTableViewCell.swift */; };
		68F95B38222903E1B2707A6F /* Pods_aware_client_ios_v2UITests.framework in Frameworks */ = {isa = PBXBuildFile; fileRef = 780A6CB67239B8847D85206D /* Pods_aware_client_ios_v2UITests.framework */; };
		6D023405B675F254138F6DBC /* Pods_aware_client_ios_v2.framework in Frameworks */ = {isa = PBXBuildFile; fileRef = D84AED39C0847617D195AAA0 /* Pods_aware_client_ios_v2.framework */; };
/* End PBXBuildFile section */

/* Begin PBXContainerItemProxy section */
		4FFE198B2226A10D00C4715E /* PBXContainerItemProxy */ = {
			isa = PBXContainerItemProxy;
			containerPortal = 4FFE196B2226A10B00C4715E /* Project object */;
			proxyType = 1;
			remoteGlobalIDString = 4FFE19722226A10B00C4715E;
			remoteInfo = "aware-client-ios-v2";
		};
		4FFE19962226A10D00C4715E /* PBXContainerItemProxy */ = {
			isa = PBXContainerItemProxy;
			containerPortal = 4FFE196B2226A10B00C4715E /* Project object */;
			proxyType = 1;
			remoteGlobalIDString = 4FFE19722226A10B00C4715E;
			remoteInfo = "aware-client-ios-v2";
		};
/* End PBXContainerItemProxy section */

/* Begin PBXFileReference section */
		14A46322159B36F486B95868 /* Pods-aware-client-ios-v2.debug.xcconfig */ = {isa = PBXFileReference; includeInIndex = 1; lastKnownFileType = text.xcconfig; name = "Pods-aware-client-ios-v2.debug.xcconfig"; path = "Target Support Files/Pods-aware-client-ios-v2/Pods-aware-client-ios-v2.debug.xcconfig"; sourceTree = "<group>"; };
		39E693A19364B6AA53558A4D /* Pods-aware-client-ios-v2UITests.debug.xcconfig */ = {isa = PBXFileReference; includeInIndex = 1; lastKnownFileType = text.xcconfig; name = "Pods-aware-client-ios-v2UITests.debug.xcconfig"; path = "Target Support Files/Pods-aware-client-ios-v2UITests/Pods-aware-client-ios-v2UITests.debug.xcconfig"; sourceTree = "<group>"; };
		4F0BC9A0222D4952006348E4 /* AdvancedSettingsViewController.swift */ = {isa = PBXFileReference; lastKnownFileType = sourcecode.swift; path = AdvancedSettingsViewController.swift; sourceTree = "<group>"; };
		4F0BC9A2222D6BE3006348E4 /* SensorSettingViewController.swift */ = {isa = PBXFileReference; lastKnownFileType = sourcecode.swift; path = SensorSettingViewController.swift; sourceTree = "<group>"; };
		4F1B11AA22286E74006F3176 /* MapCard.swift */ = {isa = PBXFileReference; fileEncoding = 4; lastKnownFileType = sourcecode.swift; path = MapCard.swift; sourceTree = "<group>"; };
		4F1B11AB22286E74006F3176 /* DeviceUsageCard.swift */ = {isa = PBXFileReference; fileEncoding = 4; lastKnownFileType = sourcecode.swift; path = DeviceUsageCard.swift; sourceTree = "<group>"; };
		4F1B11AC22286E74006F3176 /* ContextCard.xib */ = {isa = PBXFileReference; fileEncoding = 4; lastKnownFileType = file.xib; path = ContextCard.xib; sourceTree = "<group>"; };
		4F1B11AD22286E74006F3176 /* ScatterChartCard.swift */ = {isa = PBXFileReference; fileEncoding = 4; lastKnownFileType = sourcecode.swift; path = ScatterChartCard.swift; sourceTree = "<group>"; };
		4F1B11AE22286E74006F3176 /* ContextCard.swift */ = {isa = PBXFileReference; fileEncoding = 4; lastKnownFileType = sourcecode.swift; path = ContextCard.swift; sourceTree = "<group>"; };
		4F1B11AF22286E74006F3176 /* BarChartCard.swift */ = {isa = PBXFileReference; fileEncoding = 4; lastKnownFileType = sourcecode.swift; path = BarChartCard.swift; sourceTree = "<group>"; };
		4F53025B240D4BB5008E3342 /* ja */ = {isa = PBXFileReference; lastKnownFileType = text.plist.strings; name = ja; path = ja.lproj/LaunchScreen.strings; sourceTree = "<group>"; };
		4F530267240D4EF2008E3342 /* ja */ = {isa = PBXFileReference; lastKnownFileType = text.plist.strings; name = ja; path = ja.lproj/Localizable.strings; sourceTree = "<group>"; };
		4F530268240D5A88008E3342 /* en */ = {isa = PBXFileReference; lastKnownFileType = text.plist.strings; name = en; path = en.lproj/Localizable.strings; sourceTree = "<group>"; };
		4F530269240FB13D008E3342 /* aware-client-ios-v2.entitlements */ = {isa = PBXFileReference; lastKnownFileType = text.plist.entitlements; path = "aware-client-ios-v2.entitlements"; sourceTree = "<group>"; };
		4F70E8AB241D9CB500A8AAA8 /* ja */ = {isa = PBXFileReference; lastKnownFileType = text.plist.strings; name = ja; path = ja.lproj/Main.strings; sourceTree = "<group>"; };
		4F70E8AC241DA28000A8AAA8 /* LocationPermissionViewController.swift */ = {isa = PBXFileReference; lastKnownFileType = sourcecode.swift; path = LocationPermissionViewController.swift; sourceTree = "<group>"; };
		4FC60F4B2395E37D007740E4 /* MapKit.framework */ = {isa = PBXFileReference; lastKnownFileType = wrapper.framework; name = MapKit.framework; path = System/Library/Frameworks/MapKit.framework; sourceTree = SDKROOT; };
		4FDA1E492423B51C004F891F /* ESMCard.swift */ = {isa = PBXFileReference; lastKnownFileType = sourcecode.swift; path = ESMCard.swift; sourceTree = "<group>"; };
		4FDB55F3233C49B50095E7D7 /* ExternalAccessory.framework */ = {isa = PBXFileReference; lastKnownFileType = wrapper.framework; name = ExternalAccessory.framework; path = System/Library/Frameworks/ExternalAccessory.framework; sourceTree = SDKROOT; };
		4FEA0297237B8D1700CFDC2F /* OnboardingManager.swift */ = {isa = PBXFileReference; lastKnownFileType = sourcecode.swift; path = OnboardingManager.swift; sourceTree = "<group>"; };
		4FFAC5EE2231089D00FE40B0 /* QuartzCore.framework */ = {isa = PBXFileReference; lastKnownFileType = wrapper.framework; name = QuartzCore.framework; path = System/Library/Frameworks/QuartzCore.framework; sourceTree = SDKROOT; };
		4FFAC5F022356FA500FE40B0 /* HealthKit.framework */ = {isa = PBXFileReference; lastKnownFileType = wrapper.framework; name = HealthKit.framework; path = System/Library/Frameworks/HealthKit.framework; sourceTree = SDKROOT; };
		4FFE19732226A10B00C4715E /* aware-client-ios-v2.app */ = {isa = PBXFileReference; explicitFileType = wrapper.application; includeInIndex = 0; path = "aware-client-ios-v2.app"; sourceTree = BUILT_PRODUCTS_DIR; };
		4FFE19762226A10B00C4715E /* AppDelegate.swift */ = {isa = PBXFileReference; lastKnownFileType = sourcecode.swift; path = AppDelegate.swift; sourceTree = "<group>"; };
		4FFE19782226A10B00C4715E /* ViewController.swift */ = {isa = PBXFileReference; lastKnownFileType = sourcecode.swift; path = ViewController.swift; sourceTree = "<group>"; };
		4FFE197B2226A10B00C4715E /* Base */ = {isa = PBXFileReference; lastKnownFileType = file.storyboard; name = Base; path = Base.lproj/Main.storyboard; sourceTree = "<group>"; };
		4FFE197E2226A10B00C4715E /* aware_client_ios_v2.xcdatamodel */ = {isa = PBXFileReference; lastKnownFileType = wrapper.xcdatamodel; path = aware_client_ios_v2.xcdatamodel; sourceTree = "<group>"; };
		4FFE19802226A10D00C4715E /* Assets.xcassets */ = {isa = PBXFileReference; lastKnownFileType = folder.assetcatalog; path = Assets.xcassets; sourceTree = "<group>"; };
		4FFE19832226A10D00C4715E /* Base */ = {isa = PBXFileReference; lastKnownFileType = file.storyboard; name = Base; path = Base.lproj/LaunchScreen.storyboard; sourceTree = "<group>"; };
		4FFE19852226A10D00C4715E /* Info.plist */ = {isa = PBXFileReference; lastKnownFileType = text.plist.xml; path = Info.plist; sourceTree = "<group>"; };
		4FFE198A2226A10D00C4715E /* aware-client-ios-v2Tests.xctest */ = {isa = PBXFileReference; explicitFileType = wrapper.cfbundle; includeInIndex = 0; path = "aware-client-ios-v2Tests.xctest"; sourceTree = BUILT_PRODUCTS_DIR; };
		4FFE198E2226A10D00C4715E /* aware_client_ios_v2Tests.swift */ = {isa = PBXFileReference; lastKnownFileType = sourcecode.swift; path = aware_client_ios_v2Tests.swift; sourceTree = "<group>"; };
		4FFE19902226A10D00C4715E /* Info.plist */ = {isa = PBXFileReference; lastKnownFileType = text.plist.xml; path = Info.plist; sourceTree = "<group>"; };
		4FFE19952226A10D00C4715E /* aware-client-ios-v2UITests.xctest */ = {isa = PBXFileReference; explicitFileType = wrapper.cfbundle; includeInIndex = 0; path = "aware-client-ios-v2UITests.xctest"; sourceTree = BUILT_PRODUCTS_DIR; };
		4FFE19992226A10D00C4715E /* aware_client_ios_v2UITests.swift */ = {isa = PBXFileReference; lastKnownFileType = sourcecode.swift; path = aware_client_ios_v2UITests.swift; sourceTree = "<group>"; };
		4FFE199B2226A10D00C4715E /* Info.plist */ = {isa = PBXFileReference; lastKnownFileType = text.plist.xml; path = Info.plist; sourceTree = "<group>"; };
		4FFE19A72226A41900C4715E /* ContextCardViewController.swift */ = {isa = PBXFileReference; lastKnownFileType = sourcecode.swift; path = ContextCardViewController.swift; sourceTree = "<group>"; };
		4FFE19AB2226A47300C4715E /* QRCodeReaderViewController.swift */ = {isa = PBXFileReference; lastKnownFileType = sourcecode.swift; path = QRCodeReaderViewController.swift; sourceTree = "<group>"; };
		4FFE19AF2226C7DC00C4715E /* ESMViewController.swift */ = {isa = PBXFileReference; lastKnownFileType = sourcecode.swift; path = ESMViewController.swift; sourceTree = "<group>"; };
		4FFE19B12226D2C100C4715E /* AwareTableViewCell.swift */ = {isa = PBXFileReference; lastKnownFileType = sourcecode.swift; path = AwareTableViewCell.swift; sourceTree = "<group>"; };
		780A6CB67239B8847D85206D /* Pods_aware_client_ios_v2UITests.framework */ = {isa = PBXFileReference; explicitFileType = wrapper.framework; includeInIndex = 0; path = Pods_aware_client_ios_v2UITests.framework; sourceTree = BUILT_PRODUCTS_DIR; };
		BB79C8BA8158E5B1EAD9E7E9 /* Pods-aware-client-ios-v2UITests.release.xcconfig */ = {isa = PBXFileReference; includeInIndex = 1; lastKnownFileType = text.xcconfig; name = "Pods-aware-client-ios-v2UITests.release.xcconfig"; path = "Target Support Files/Pods-aware-client-ios-v2UITests/Pods-aware-client-ios-v2UITests.release.xcconfig"; sourceTree = "<group>"; };
		BF5B103C3706AC11B323A059 /* Pods-aware-client-ios-v2Tests.release.xcconfig */ = {isa = PBXFileReference; includeInIndex = 1; lastKnownFileType = text.xcconfig; name = "Pods-aware-client-ios-v2Tests.release.xcconfig"; path = "Target Support Files/Pods-aware-client-ios-v2Tests/Pods-aware-client-ios-v2Tests.release.xcconfig"; sourceTree = "<group>"; };
		D6CD048FE9196AB3A566250A /* Pods-aware-client-ios-v2Tests.debug.xcconfig */ = {isa = PBXFileReference; includeInIndex = 1; lastKnownFileType = text.xcconfig; name = "Pods-aware-client-ios-v2Tests.debug.xcconfig"; path = "Target Support Files/Pods-aware-client-ios-v2Tests/Pods-aware-client-ios-v2Tests.debug.xcconfig"; sourceTree = "<group>"; };
		D84AED39C0847617D195AAA0 /* Pods_aware_client_ios_v2.framework */ = {isa = PBXFileReference; explicitFileType = wrapper.framework; includeInIndex = 0; path = Pods_aware_client_ios_v2.framework; sourceTree = BUILT_PRODUCTS_DIR; };
		D8AAFEDC00278F96EE7242C9 /* Pods-aware-client-ios-v2.release.xcconfig */ = {isa = PBXFileReference; includeInIndex = 1; lastKnownFileType = text.xcconfig; name = "Pods-aware-client-ios-v2.release.xcconfig"; path = "Target Support Files/Pods-aware-client-ios-v2/Pods-aware-client-ios-v2.release.xcconfig"; sourceTree = "<group>"; };
		EE5594A4A225065C029082AF /* Pods_aware_client_ios_v2Tests.framework */ = {isa = PBXFileReference; explicitFileType = wrapper.framework; includeInIndex = 0; path = Pods_aware_client_ios_v2Tests.framework; sourceTree = BUILT_PRODUCTS_DIR; };
/* End PBXFileReference section */

/* Begin PBXFrameworksBuildPhase section */
		4FFE19702226A10B00C4715E /* Frameworks */ = {
			isa = PBXFrameworksBuildPhase;
			buildActionMask = 2147483647;
			files = (
				4FFAC5F122356FA500FE40B0 /* HealthKit.framework in Frameworks */,
				4FFAC5EF2231089D00FE40B0 /* QuartzCore.framework in Frameworks */,
				4FC60F4C2395E37D007740E4 /* MapKit.framework in Frameworks */,
				4FDB55F4233C49B50095E7D7 /* ExternalAccessory.framework in Frameworks */,
				6D023405B675F254138F6DBC /* Pods_aware_client_ios_v2.framework in Frameworks */,
			);
			runOnlyForDeploymentPostprocessing = 0;
		};
		4FFE19872226A10D00C4715E /* Frameworks */ = {
			isa = PBXFrameworksBuildPhase;
			buildActionMask = 2147483647;
			files = (
				48C40BC87F8A7DADB2698965 /* Pods_aware_client_ios_v2Tests.framework in Frameworks */,
			);
			runOnlyForDeploymentPostprocessing = 0;
		};
		4FFE19922226A10D00C4715E /* Frameworks */ = {
			isa = PBXFrameworksBuildPhase;
			buildActionMask = 2147483647;
			files = (
				68F95B38222903E1B2707A6F /* Pods_aware_client_ios_v2UITests.framework in Frameworks */,
			);
			runOnlyForDeploymentPostprocessing = 0;
		};
/* End PBXFrameworksBuildPhase section */

/* Begin PBXGroup section */
		1BD07D752FCF16516FA57EDA /* Frameworks */ = {
			isa = PBXGroup;
			children = (
				4FC60F4B2395E37D007740E4 /* MapKit.framework */,
				4FDB55F3233C49B50095E7D7 /* ExternalAccessory.framework */,
				4FFAC5F022356FA500FE40B0 /* HealthKit.framework */,
				4FFAC5EE2231089D00FE40B0 /* QuartzCore.framework */,
				D84AED39C0847617D195AAA0 /* Pods_aware_client_ios_v2.framework */,
				EE5594A4A225065C029082AF /* Pods_aware_client_ios_v2Tests.framework */,
				780A6CB67239B8847D85206D /* Pods_aware_client_ios_v2UITests.framework */,
			);
			name = Frameworks;
			sourceTree = "<group>";
		};
		4F1B11A922286E74006F3176 /* ContextCard */ = {
			isa = PBXGroup;
			children = (
				4F1B11AA22286E74006F3176 /* MapCard.swift */,
				4F1B11AB22286E74006F3176 /* DeviceUsageCard.swift */,
				4F1B11AC22286E74006F3176 /* ContextCard.xib */,
				4F1B11AD22286E74006F3176 /* ScatterChartCard.swift */,
				4F1B11AE22286E74006F3176 /* ContextCard.swift */,
				4F1B11AF22286E74006F3176 /* BarChartCard.swift */,
				4FDA1E492423B51C004F891F /* ESMCard.swift */,
			);
			path = ContextCard;
			sourceTree = "<group>";
		};
		4FFE196A2226A10B00C4715E = {
			isa = PBXGroup;
			children = (
				4F530266240D4EEE008E3342 /* Localizable.strings */,
				4FFE19752226A10B00C4715E /* aware-client-ios-v2 */,
				4FFE198D2226A10D00C4715E /* aware-client-ios-v2Tests */,
				4FFE19982226A10D00C4715E /* aware-client-ios-v2UITests */,
				4FFE19742226A10B00C4715E /* Products */,
				AFB7007A2C4835F2172F535E /* Pods */,
				1BD07D752FCF16516FA57EDA /* Frameworks */,
			);
			sourceTree = "<group>";
		};
		4FFE19742226A10B00C4715E /* Products */ = {
			isa = PBXGroup;
			children = (
				4FFE19732226A10B00C4715E /* aware-client-ios-v2.app */,
				4FFE198A2226A10D00C4715E /* aware-client-ios-v2Tests.xctest */,
				4FFE19952226A10D00C4715E /* aware-client-ios-v2UITests.xctest */,
			);
			name = Products;
			sourceTree = "<group>";
		};
		4FFE19752226A10B00C4715E /* aware-client-ios-v2 */ = {
			isa = PBXGroup;
			children = (
				4F530269240FB13D008E3342 /* aware-client-ios-v2.entitlements */,
				4FFE19762226A10B00C4715E /* AppDelegate.swift */,
				4FFE19782226A10B00C4715E /* ViewController.swift */,
				4FFE19B12226D2C100C4715E /* AwareTableViewCell.swift */,
				4FFE19A72226A41900C4715E /* ContextCardViewController.swift */,
				4FFE19AB2226A47300C4715E /* QRCodeReaderViewController.swift */,
				4FFE19AF2226C7DC00C4715E /* ESMViewController.swift */,
				4F0BC9A0222D4952006348E4 /* AdvancedSettingsViewController.swift */,
				4F0BC9A2222D6BE3006348E4 /* SensorSettingViewController.swift */,
				4FEA0297237B8D1700CFDC2F /* OnboardingManager.swift */,
				4F70E8AC241DA28000A8AAA8 /* LocationPermissionViewController.swift */,
				4FFE197A2226A10B00C4715E /* Main.storyboard */,
				4FFE19802226A10D00C4715E /* Assets.xcassets */,
				4FFE19822226A10D00C4715E /* LaunchScreen.storyboard */,
				4FFE19852226A10D00C4715E /* Info.plist */,
				4FFE197D2226A10B00C4715E /* aware_client_ios_v2.xcdatamodeld */,
				4F1B11A922286E74006F3176 /* ContextCard */,
			);
			path = "aware-client-ios-v2";
			sourceTree = "<group>";
		};
		4FFE198D2226A10D00C4715E /* aware-client-ios-v2Tests */ = {
			isa = PBXGroup;
			children = (
				4FFE198E2226A10D00C4715E /* aware_client_ios_v2Tests.swift */,
				4FFE19902226A10D00C4715E /* Info.plist */,
			);
			path = "aware-client-ios-v2Tests";
			sourceTree = "<group>";
		};
		4FFE19982226A10D00C4715E /* aware-client-ios-v2UITests */ = {
			isa = PBXGroup;
			children = (
				4FFE19992226A10D00C4715E /* aware_client_ios_v2UITests.swift */,
				4FFE199B2226A10D00C4715E /* Info.plist */,
			);
			path = "aware-client-ios-v2UITests";
			sourceTree = "<group>";
		};
		AFB7007A2C4835F2172F535E /* Pods */ = {
			isa = PBXGroup;
			children = (
				14A46322159B36F486B95868 /* Pods-aware-client-ios-v2.debug.xcconfig */,
				D8AAFEDC00278F96EE7242C9 /* Pods-aware-client-ios-v2.release.xcconfig */,
				D6CD048FE9196AB3A566250A /* Pods-aware-client-ios-v2Tests.debug.xcconfig */,
				BF5B103C3706AC11B323A059 /* Pods-aware-client-ios-v2Tests.release.xcconfig */,
				39E693A19364B6AA53558A4D /* Pods-aware-client-ios-v2UITests.debug.xcconfig */,
				BB79C8BA8158E5B1EAD9E7E9 /* Pods-aware-client-ios-v2UITests.release.xcconfig */,
			);
			path = Pods;
			sourceTree = "<group>";
		};
/* End PBXGroup section */

/* Begin PBXNativeTarget section */
		4FFE19722226A10B00C4715E /* aware-client-ios-v2 */ = {
			isa = PBXNativeTarget;
			buildConfigurationList = 4FFE199E2226A10D00C4715E /* Build configuration list for PBXNativeTarget "aware-client-ios-v2" */;
			buildPhases = (
				2002313BE4172F76FA4ADC80 /* [CP] Check Pods Manifest.lock */,
				4FFE196F2226A10B00C4715E /* Sources */,
				4FFE19702226A10B00C4715E /* Frameworks */,
				4FFE19712226A10B00C4715E /* Resources */,
				4FAC6A8D239740430030A18D /* ShellScript */,
				D96BA88D5ECC35CEB2A509DD /* [CP] Embed Pods Frameworks */,
				D7548A6F53622E4EA003C554 /* [CP] Copy Pods Resources */,
			);
			buildRules = (
			);
			dependencies = (
			);
			name = "aware-client-ios-v2";
			productName = "aware-client-ios-v2";
			productReference = 4FFE19732226A10B00C4715E /* aware-client-ios-v2.app */;
			productType = "com.apple.product-type.application";
		};
		4FFE19892226A10D00C4715E /* aware-client-ios-v2Tests */ = {
			isa = PBXNativeTarget;
			buildConfigurationList = 4FFE19A12226A10D00C4715E /* Build configuration list for PBXNativeTarget "aware-client-ios-v2Tests" */;
			buildPhases = (
				9B9A6A187589F427F939806E /* [CP] Check Pods Manifest.lock */,
				4FFE19862226A10D00C4715E /* Sources */,
				4FFE19872226A10D00C4715E /* Frameworks */,
				4FFE19882226A10D00C4715E /* Resources */,
			);
			buildRules = (
			);
			dependencies = (
				4FFE198C2226A10D00C4715E /* PBXTargetDependency */,
			);
			name = "aware-client-ios-v2Tests";
			productName = "aware-client-ios-v2Tests";
			productReference = 4FFE198A2226A10D00C4715E /* aware-client-ios-v2Tests.xctest */;
			productType = "com.apple.product-type.bundle.unit-test";
		};
		4FFE19942226A10D00C4715E /* aware-client-ios-v2UITests */ = {
			isa = PBXNativeTarget;
			buildConfigurationList = 4FFE19A42226A10D00C4715E /* Build configuration list for PBXNativeTarget "aware-client-ios-v2UITests" */;
			buildPhases = (
				C2363504938B25AE6B0B4C75 /* [CP] Check Pods Manifest.lock */,
				4FFE19912226A10D00C4715E /* Sources */,
				4FFE19922226A10D00C4715E /* Frameworks */,
				4FFE19932226A10D00C4715E /* Resources */,
			);
			buildRules = (
			);
			dependencies = (
				4FFE19972226A10D00C4715E /* PBXTargetDependency */,
			);
			name = "aware-client-ios-v2UITests";
			productName = "aware-client-ios-v2UITests";
			productReference = 4FFE19952226A10D00C4715E /* aware-client-ios-v2UITests.xctest */;
			productType = "com.apple.product-type.bundle.ui-testing";
		};
/* End PBXNativeTarget section */

/* Begin PBXProject section */
		4FFE196B2226A10B00C4715E /* Project object */ = {
			isa = PBXProject;
			attributes = {
				LastSwiftUpdateCheck = 1010;
				LastUpgradeCheck = 1010;
				ORGANIZATIONNAME = "Yuuki Nishiyama";
				TargetAttributes = {
					4FFE19722226A10B00C4715E = {
						CreatedOnToolsVersion = 10.1;
						ProvisioningStyle = Automatic;
						SystemCapabilities = {
							com.apple.AccessWiFi = {
								enabled = 1;
							};
							com.apple.BackgroundModes = {
								enabled = 1;
							};
							com.apple.HealthKit = {
								enabled = 1;
							};
							com.apple.Push = {
								enabled = 1;
							};
						};
					};
					4FFE19892226A10D00C4715E = {
						CreatedOnToolsVersion = 10.1;
						DevelopmentTeam = FH352PYMNC;
						ProvisioningStyle = Automatic;
						TestTargetID = 4FFE19722226A10B00C4715E;
					};
					4FFE19942226A10D00C4715E = {
						CreatedOnToolsVersion = 10.1;
						DevelopmentTeam = FH352PYMNC;
						ProvisioningStyle = Automatic;
						TestTargetID = 4FFE19722226A10B00C4715E;
					};
				};
			};
			buildConfigurationList = 4FFE196E2226A10B00C4715E /* Build configuration list for PBXProject "aware-client-ios-v2" */;
			compatibilityVersion = "Xcode 10.0";
			developmentRegion = en;
			hasScannedForEncodings = 0;
			knownRegions = (
				en,
				Base,
				ja,
			);
			mainGroup = 4FFE196A2226A10B00C4715E;
			productRefGroup = 4FFE19742226A10B00C4715E /* Products */;
			projectDirPath = "";
			projectRoot = "";
			targets = (
				4FFE19722226A10B00C4715E /* aware-client-ios-v2 */,
				4FFE19892226A10D00C4715E /* aware-client-ios-v2Tests */,
				4FFE19942226A10D00C4715E /* aware-client-ios-v2UITests */,
			);
		};
/* End PBXProject section */

/* Begin PBXResourcesBuildPhase section */
		4FFE19712226A10B00C4715E /* Resources */ = {
			isa = PBXResourcesBuildPhase;
			buildActionMask = 2147483647;
			files = (
				4F530264240D4EEE008E3342 /* Localizable.strings in Resources */,
				4FFE19842226A10D00C4715E /* LaunchScreen.storyboard in Resources */,
				4FFE19812226A10D00C4715E /* Assets.xcassets in Resources */,
				4FFE197C2226A10B00C4715E /* Main.storyboard in Resources */,
				4F1B11B222286E75006F3176 /* ContextCard.xib in Resources */,
			);
			runOnlyForDeploymentPostprocessing = 0;
		};
		4FFE19882226A10D00C4715E /* Resources */ = {
			isa = PBXResourcesBuildPhase;
			buildActionMask = 2147483647;
			files = (
			);
			runOnlyForDeploymentPostprocessing = 0;
		};
		4FFE19932226A10D00C4715E /* Resources */ = {
			isa = PBXResourcesBuildPhase;
			buildActionMask = 2147483647;
			files = (
			);
			runOnlyForDeploymentPostprocessing = 0;
		};
/* End PBXResourcesBuildPhase section */

/* Begin PBXShellScriptBuildPhase section */
		2002313BE4172F76FA4ADC80 /* [CP] Check Pods Manifest.lock */ = {
			isa = PBXShellScriptBuildPhase;
			buildActionMask = 2147483647;
			files = (
			);
			inputFileListPaths = (
			);
			inputPaths = (
				"${PODS_PODFILE_DIR_PATH}/Podfile.lock",
				"${PODS_ROOT}/Manifest.lock",
			);
			name = "[CP] Check Pods Manifest.lock";
			outputFileListPaths = (
			);
			outputPaths = (
				"$(DERIVED_FILE_DIR)/Pods-aware-client-ios-v2-checkManifestLockResult.txt",
			);
			runOnlyForDeploymentPostprocessing = 0;
			shellPath = /bin/sh;
			shellScript = "diff \"${PODS_PODFILE_DIR_PATH}/Podfile.lock\" \"${PODS_ROOT}/Manifest.lock\" > /dev/null\nif [ $? != 0 ] ; then\n    # print error to STDERR\n    echo \"error: The sandbox is not in sync with the Podfile.lock. Run 'pod install' or update your CocoaPods installation.\" >&2\n    exit 1\nfi\n# This output is used by Xcode 'outputs' to avoid re-running this script phase.\necho \"SUCCESS\" > \"${SCRIPT_OUTPUT_FILE_0}\"\n";
			showEnvVarsInLog = 0;
		};
		4FAC6A8D239740430030A18D /* ShellScript */ = {
			isa = PBXShellScriptBuildPhase;
			buildActionMask = 2147483647;
			files = (
			);
			inputFileListPaths = (
			);
			inputPaths = (
			);
			outputFileListPaths = (
			);
			outputPaths = (
			);
			runOnlyForDeploymentPostprocessing = 0;
			shellPath = /bin/sh;
			shellScript = "# Type a script or drag a script file from your workspace to insert its path.\n# env > env.txt\n";
		};
		9B9A6A187589F427F939806E /* [CP] Check Pods Manifest.lock */ = {
			isa = PBXShellScriptBuildPhase;
			buildActionMask = 2147483647;
			files = (
			);
			inputFileListPaths = (
			);
			inputPaths = (
				"${PODS_PODFILE_DIR_PATH}/Podfile.lock",
				"${PODS_ROOT}/Manifest.lock",
			);
			name = "[CP] Check Pods Manifest.lock";
			outputFileListPaths = (
			);
			outputPaths = (
				"$(DERIVED_FILE_DIR)/Pods-aware-client-ios-v2Tests-checkManifestLockResult.txt",
			);
			runOnlyForDeploymentPostprocessing = 0;
			shellPath = /bin/sh;
			shellScript = "diff \"${PODS_PODFILE_DIR_PATH}/Podfile.lock\" \"${PODS_ROOT}/Manifest.lock\" > /dev/null\nif [ $? != 0 ] ; then\n    # print error to STDERR\n    echo \"error: The sandbox is not in sync with the Podfile.lock. Run 'pod install' or update your CocoaPods installation.\" >&2\n    exit 1\nfi\n# This output is used by Xcode 'outputs' to avoid re-running this script phase.\necho \"SUCCESS\" > \"${SCRIPT_OUTPUT_FILE_0}\"\n";
			showEnvVarsInLog = 0;
		};
		C2363504938B25AE6B0B4C75 /* [CP] Check Pods Manifest.lock */ = {
			isa = PBXShellScriptBuildPhase;
			buildActionMask = 2147483647;
			files = (
			);
			inputFileListPaths = (
			);
			inputPaths = (
				"${PODS_PODFILE_DIR_PATH}/Podfile.lock",
				"${PODS_ROOT}/Manifest.lock",
			);
			name = "[CP] Check Pods Manifest.lock";
			outputFileListPaths = (
			);
			outputPaths = (
				"$(DERIVED_FILE_DIR)/Pods-aware-client-ios-v2UITests-checkManifestLockResult.txt",
			);
			runOnlyForDeploymentPostprocessing = 0;
			shellPath = /bin/sh;
			shellScript = "diff \"${PODS_PODFILE_DIR_PATH}/Podfile.lock\" \"${PODS_ROOT}/Manifest.lock\" > /dev/null\nif [ $? != 0 ] ; then\n    # print error to STDERR\n    echo \"error: The sandbox is not in sync with the Podfile.lock. Run 'pod install' or update your CocoaPods installation.\" >&2\n    exit 1\nfi\n# This output is used by Xcode 'outputs' to avoid re-running this script phase.\necho \"SUCCESS\" > \"${SCRIPT_OUTPUT_FILE_0}\"\n";
			showEnvVarsInLog = 0;
		};
		D7548A6F53622E4EA003C554 /* [CP] Copy Pods Resources */ = {
			isa = PBXShellScriptBuildPhase;
			buildActionMask = 2147483647;
			files = (
			);
			inputFileListPaths = (
				"${PODS_ROOT}/Target Support Files/Pods-aware-client-ios-v2/Pods-aware-client-ios-v2-resources-${CONFIGURATION}-input-files.xcfilelist",
			);
			name = "[CP] Copy Pods Resources";
			outputFileListPaths = (
				"${PODS_ROOT}/Target Support Files/Pods-aware-client-ios-v2/Pods-aware-client-ios-v2-resources-${CONFIGURATION}-output-files.xcfilelist",
			);
			runOnlyForDeploymentPostprocessing = 0;
			shellPath = /bin/sh;
			shellScript = "\"${PODS_ROOT}/Target Support Files/Pods-aware-client-ios-v2/Pods-aware-client-ios-v2-resources.sh\"\n";
			showEnvVarsInLog = 0;
		};
		D96BA88D5ECC35CEB2A509DD /* [CP] Embed Pods Frameworks */ = {
			isa = PBXShellScriptBuildPhase;
			buildActionMask = 2147483647;
			files = (
			);
			inputFileListPaths = (
				"${PODS_ROOT}/Target Support Files/Pods-aware-client-ios-v2/Pods-aware-client-ios-v2-frameworks-${CONFIGURATION}-input-files.xcfilelist",
			);
			name = "[CP] Embed Pods Frameworks";
			outputFileListPaths = (
				"${PODS_ROOT}/Target Support Files/Pods-aware-client-ios-v2/Pods-aware-client-ios-v2-frameworks-${CONFIGURATION}-output-files.xcfilelist",
			);
			runOnlyForDeploymentPostprocessing = 0;
			shellPath = /bin/sh;
			shellScript = "\"${PODS_ROOT}/Target Support Files/Pods-aware-client-ios-v2/Pods-aware-client-ios-v2-frameworks.sh\"\n";
			showEnvVarsInLog = 0;
		};
/* End PBXShellScriptBuildPhase section */

/* Begin PBXSourcesBuildPhase section */
		4FFE196F2226A10B00C4715E /* Sources */ = {
			isa = PBXSourcesBuildPhase;
			buildActionMask = 2147483647;
			files = (
				4F1B11B522286E75006F3176 /* BarChartCard.swift in Sources */,
				4FFE19A82226A41900C4715E /* ContextCardViewController.swift in Sources */,
				4FDA1E4A2423B51C004F891F /* ESMCard.swift in Sources */,
				4FFE19B22226D2C100C4715E /* AwareTableViewCell.swift in Sources */,
				4FFE19AC2226A47300C4715E /* QRCodeReaderViewController.swift in Sources */,
				4F0BC9A1222D4952006348E4 /* AdvancedSettingsViewController.swift in Sources */,
				4FFE197F2226A10B00C4715E /* aware_client_ios_v2.xcdatamodeld in Sources */,
				4F70E8AD241DA28000A8AAA8 /* LocationPermissionViewController.swift in Sources */,
				4F1B11B322286E75006F3176 /* ScatterChartCard.swift in Sources */,
				4FFE19792226A10B00C4715E /* ViewController.swift in Sources */,
				4F1B11B422286E75006F3176 /* ContextCard.swift in Sources */,
				4F0BC9A3222D6BE3006348E4 /* SensorSettingViewController.swift in Sources */,
				4F1B11B022286E75006F3176 /* MapCard.swift in Sources */,
				4F1B11B122286E75006F3176 /* DeviceUsageCard.swift in Sources */,
				4FEA0298237B8D1700CFDC2F /* OnboardingManager.swift in Sources */,
				4FFE19B02226C7DC00C4715E /* ESMViewController.swift in Sources */,
				4FFE19772226A10B00C4715E /* AppDelegate.swift in Sources */,
			);
			runOnlyForDeploymentPostprocessing = 0;
		};
		4FFE19862226A10D00C4715E /* Sources */ = {
			isa = PBXSourcesBuildPhase;
			buildActionMask = 2147483647;
			files = (
				4FFE198F2226A10D00C4715E /* aware_client_ios_v2Tests.swift in Sources */,
			);
			runOnlyForDeploymentPostprocessing = 0;
		};
		4FFE19912226A10D00C4715E /* Sources */ = {
			isa = PBXSourcesBuildPhase;
			buildActionMask = 2147483647;
			files = (
				4FFE199A2226A10D00C4715E /* aware_client_ios_v2UITests.swift in Sources */,
			);
			runOnlyForDeploymentPostprocessing = 0;
		};
/* End PBXSourcesBuildPhase section */

/* Begin PBXTargetDependency section */
		4FFE198C2226A10D00C4715E /* PBXTargetDependency */ = {
			isa = PBXTargetDependency;
			target = 4FFE19722226A10B00C4715E /* aware-client-ios-v2 */;
			targetProxy = 4FFE198B2226A10D00C4715E /* PBXContainerItemProxy */;
		};
		4FFE19972226A10D00C4715E /* PBXTargetDependency */ = {
			isa = PBXTargetDependency;
			target = 4FFE19722226A10B00C4715E /* aware-client-ios-v2 */;
			targetProxy = 4FFE19962226A10D00C4715E /* PBXContainerItemProxy */;
		};
/* End PBXTargetDependency section */

/* Begin PBXVariantGroup section */
		4F530266240D4EEE008E3342 /* Localizable.strings */ = {
			isa = PBXVariantGroup;
			children = (
				4F530267240D4EF2008E3342 /* ja */,
				4F530268240D5A88008E3342 /* en */,
			);
			name = Localizable.strings;
			sourceTree = "<group>";
		};
		4FFE197A2226A10B00C4715E /* Main.storyboard */ = {
			isa = PBXVariantGroup;
			children = (
				4FFE197B2226A10B00C4715E /* Base */,
				4F70E8AB241D9CB500A8AAA8 /* ja */,
			);
			name = Main.storyboard;
			sourceTree = "<group>";
		};
		4FFE19822226A10D00C4715E /* LaunchScreen.storyboard */ = {
			isa = PBXVariantGroup;
			children = (
				4FFE19832226A10D00C4715E /* Base */,
				4F53025B240D4BB5008E3342 /* ja */,
			);
			name = LaunchScreen.storyboard;
			sourceTree = "<group>";
		};
/* End PBXVariantGroup section */

/* Begin XCBuildConfiguration section */
		4FFE199C2226A10D00C4715E /* Debug */ = {
			isa = XCBuildConfiguration;
			buildSettings = {
				ALWAYS_SEARCH_USER_PATHS = NO;
				CLANG_ANALYZER_LOCALIZABILITY_NONLOCALIZED = YES;
				CLANG_ANALYZER_NONNULL = YES;
				CLANG_ANALYZER_NUMBER_OBJECT_CONVERSION = YES_AGGRESSIVE;
				CLANG_CXX_LANGUAGE_STANDARD = "gnu++14";
				CLANG_CXX_LIBRARY = "libc++";
				CLANG_ENABLE_MODULES = YES;
				CLANG_ENABLE_OBJC_ARC = YES;
				CLANG_ENABLE_OBJC_WEAK = YES;
				CLANG_WARN_BLOCK_CAPTURE_AUTORELEASING = YES;
				CLANG_WARN_BOOL_CONVERSION = YES;
				CLANG_WARN_COMMA = YES;
				CLANG_WARN_CONSTANT_CONVERSION = YES;
				CLANG_WARN_DEPRECATED_OBJC_IMPLEMENTATIONS = YES;
				CLANG_WARN_DIRECT_OBJC_ISA_USAGE = YES_ERROR;
				CLANG_WARN_DOCUMENTATION_COMMENTS = YES;
				CLANG_WARN_EMPTY_BODY = YES;
				CLANG_WARN_ENUM_CONVERSION = YES;
				CLANG_WARN_INFINITE_RECURSION = YES;
				CLANG_WARN_INT_CONVERSION = YES;
				CLANG_WARN_NON_LITERAL_NULL_CONVERSION = YES;
				CLANG_WARN_OBJC_IMPLICIT_RETAIN_SELF = YES;
				CLANG_WARN_OBJC_LITERAL_CONVERSION = YES;
				CLANG_WARN_OBJC_ROOT_CLASS = YES_ERROR;
				CLANG_WARN_RANGE_LOOP_ANALYSIS = YES;
				CLANG_WARN_STRICT_PROTOTYPES = YES;
				CLANG_WARN_SUSPICIOUS_MOVE = YES;
				CLANG_WARN_UNGUARDED_AVAILABILITY = YES_AGGRESSIVE;
				CLANG_WARN_UNREACHABLE_CODE = YES;
				CLANG_WARN__DUPLICATE_METHOD_MATCH = YES;
				CODE_SIGN_IDENTITY = "iPhone Developer";
				COPY_PHASE_STRIP = NO;
				DEBUG_INFORMATION_FORMAT = dwarf;
				ENABLE_STRICT_OBJC_MSGSEND = YES;
				ENABLE_TESTABILITY = YES;
				GCC_C_LANGUAGE_STANDARD = gnu11;
				GCC_DYNAMIC_NO_PIC = NO;
				GCC_NO_COMMON_BLOCKS = YES;
				GCC_OPTIMIZATION_LEVEL = 0;
				GCC_PREPROCESSOR_DEFINITIONS = (
					"DEBUG=1",
					"$(inherited)",
				);
				GCC_WARN_64_TO_32_BIT_CONVERSION = YES;
				GCC_WARN_ABOUT_RETURN_TYPE = YES_ERROR;
				GCC_WARN_UNDECLARED_SELECTOR = YES;
				GCC_WARN_UNINITIALIZED_AUTOS = YES_AGGRESSIVE;
				GCC_WARN_UNUSED_FUNCTION = YES;
				GCC_WARN_UNUSED_VARIABLE = YES;
				IPHONEOS_DEPLOYMENT_TARGET = 10.0;
				MTL_ENABLE_DEBUG_INFO = INCLUDE_SOURCE;
				MTL_FAST_MATH = YES;
				ONLY_ACTIVE_ARCH = YES;
				SDKROOT = iphoneos;
				SWIFT_ACTIVE_COMPILATION_CONDITIONS = DEBUG;
				SWIFT_OPTIMIZATION_LEVEL = "-Onone";
			};
			name = Debug;
		};
		4FFE199D2226A10D00C4715E /* Release */ = {
			isa = XCBuildConfiguration;
			buildSettings = {
				ALWAYS_SEARCH_USER_PATHS = NO;
				CLANG_ANALYZER_LOCALIZABILITY_NONLOCALIZED = YES;
				CLANG_ANALYZER_NONNULL = YES;
				CLANG_ANALYZER_NUMBER_OBJECT_CONVERSION = YES_AGGRESSIVE;
				CLANG_CXX_LANGUAGE_STANDARD = "gnu++14";
				CLANG_CXX_LIBRARY = "libc++";
				CLANG_ENABLE_MODULES = YES;
				CLANG_ENABLE_OBJC_ARC = YES;
				CLANG_ENABLE_OBJC_WEAK = YES;
				CLANG_WARN_BLOCK_CAPTURE_AUTORELEASING = YES;
				CLANG_WARN_BOOL_CONVERSION = YES;
				CLANG_WARN_COMMA = YES;
				CLANG_WARN_CONSTANT_CONVERSION = YES;
				CLANG_WARN_DEPRECATED_OBJC_IMPLEMENTATIONS = YES;
				CLANG_WARN_DIRECT_OBJC_ISA_USAGE = YES_ERROR;
				CLANG_WARN_DOCUMENTATION_COMMENTS = YES;
				CLANG_WARN_EMPTY_BODY = YES;
				CLANG_WARN_ENUM_CONVERSION = YES;
				CLANG_WARN_INFINITE_RECURSION = YES;
				CLANG_WARN_INT_CONVERSION = YES;
				CLANG_WARN_NON_LITERAL_NULL_CONVERSION = YES;
				CLANG_WARN_OBJC_IMPLICIT_RETAIN_SELF = YES;
				CLANG_WARN_OBJC_LITERAL_CONVERSION = YES;
				CLANG_WARN_OBJC_ROOT_CLASS = YES_ERROR;
				CLANG_WARN_RANGE_LOOP_ANALYSIS = YES;
				CLANG_WARN_STRICT_PROTOTYPES = YES;
				CLANG_WARN_SUSPICIOUS_MOVE = YES;
				CLANG_WARN_UNGUARDED_AVAILABILITY = YES_AGGRESSIVE;
				CLANG_WARN_UNREACHABLE_CODE = YES;
				CLANG_WARN__DUPLICATE_METHOD_MATCH = YES;
				CODE_SIGN_IDENTITY = "iPhone Developer";
				COPY_PHASE_STRIP = NO;
				DEBUG_INFORMATION_FORMAT = "dwarf-with-dsym";
				ENABLE_NS_ASSERTIONS = NO;
				ENABLE_STRICT_OBJC_MSGSEND = YES;
				GCC_C_LANGUAGE_STANDARD = gnu11;
				GCC_NO_COMMON_BLOCKS = YES;
				GCC_WARN_64_TO_32_BIT_CONVERSION = YES;
				GCC_WARN_ABOUT_RETURN_TYPE = YES_ERROR;
				GCC_WARN_UNDECLARED_SELECTOR = YES;
				GCC_WARN_UNINITIALIZED_AUTOS = YES_AGGRESSIVE;
				GCC_WARN_UNUSED_FUNCTION = YES;
				GCC_WARN_UNUSED_VARIABLE = YES;
				IPHONEOS_DEPLOYMENT_TARGET = 10.0;
				MTL_ENABLE_DEBUG_INFO = NO;
				MTL_FAST_MATH = YES;
				SDKROOT = iphoneos;
				SWIFT_COMPILATION_MODE = wholemodule;
				SWIFT_OPTIMIZATION_LEVEL = "-O";
				VALIDATE_PRODUCT = YES;
			};
			name = Release;
		};
		4FFE199F2226A10D00C4715E /* Debug */ = {
			isa = XCBuildConfiguration;
			baseConfigurationReference = 14A46322159B36F486B95868 /* Pods-aware-client-ios-v2.debug.xcconfig */;
			buildSettings = {
				ASSETCATALOG_COMPILER_APPICON_NAME = AppIcon;
				CODE_SIGN_ENTITLEMENTS = "aware-client-ios-v2/aware-client-ios-v2.entitlements";
				CODE_SIGN_IDENTITY = "iPhone Developer";
				CODE_SIGN_STYLE = Automatic;
				CURRENT_PROJECT_VERSION = 73;
				DEVELOPMENT_TEAM = FH352PYMNC;
				ENABLE_BITCODE = NO;
				INFOPLIST_FILE = "aware-client-ios-v2/Info.plist";
				IPHONEOS_DEPLOYMENT_TARGET = 10.0;
				LD_RUNPATH_SEARCH_PATHS = (
					"$(inherited)",
					"@executable_path/Frameworks",
				);
				MARKETING_VERSION = 1.12.2;
				PRODUCT_BUNDLE_IDENTIFIER = "com.yuukinishiyama.app.aware-client-ios-v2";
				PRODUCT_NAME = "$(TARGET_NAME)";
				PROVISIONING_PROFILE_SPECIFIER = "";
				SWIFT_ACTIVE_COMPILATION_CONDITIONS = DEBUG;
				SWIFT_VERSION = 4.2;
				TARGETED_DEVICE_FAMILY = "1,2";
				VERSIONING_SYSTEM = "apple-generic";
			};
			name = Debug;
		};
		4FFE19A02226A10D00C4715E /* Release */ = {
			isa = XCBuildConfiguration;
			baseConfigurationReference = D8AAFEDC00278F96EE7242C9 /* Pods-aware-client-ios-v2.release.xcconfig */;
			buildSettings = {
				ASSETCATALOG_COMPILER_APPICON_NAME = AppIcon;
				CODE_SIGN_ENTITLEMENTS = "aware-client-ios-v2/aware-client-ios-v2.entitlements";
				CODE_SIGN_IDENTITY = "iPhone Developer";
				CODE_SIGN_STYLE = Automatic;
				CURRENT_PROJECT_VERSION = 73;
				DEVELOPMENT_TEAM = FH352PYMNC;
				ENABLE_BITCODE = NO;
				INFOPLIST_FILE = "aware-client-ios-v2/Info.plist";
				IPHONEOS_DEPLOYMENT_TARGET = 10.0;
				LD_RUNPATH_SEARCH_PATHS = (
					"$(inherited)",
					"@executable_path/Frameworks",
				);
				MARKETING_VERSION = 1.12.2;
				PRODUCT_BUNDLE_IDENTIFIER = "com.yuukinishiyama.app.aware-client-ios-v2";
				PRODUCT_NAME = "$(TARGET_NAME)";
				PROVISIONING_PROFILE_SPECIFIER = "";
				SWIFT_VERSION = 4.2;
				TARGETED_DEVICE_FAMILY = "1,2";
				VERSIONING_SYSTEM = "apple-generic";
			};
			name = Release;
		};
		4FFE19A22226A10D00C4715E /* Debug */ = {
			isa = XCBuildConfiguration;
			baseConfigurationReference = D6CD048FE9196AB3A566250A /* Pods-aware-client-ios-v2Tests.debug.xcconfig */;
			buildSettings = {
				ALWAYS_EMBED_SWIFT_STANDARD_LIBRARIES = YES;
				BUNDLE_LOADER = "$(TEST_HOST)";
				CODE_SIGN_STYLE = Automatic;
				DEVELOPMENT_TEAM = FH352PYMNC;
				INFOPLIST_FILE = "aware-client-ios-v2Tests/Info.plist";
				LD_RUNPATH_SEARCH_PATHS = (
					"$(inherited)",
					"@executable_path/Frameworks",
					"@loader_path/Frameworks",
				);
				PRODUCT_BUNDLE_IDENTIFIER = "com.yuukinishiyama.app.aware-client-ios-v2Tests";
				PRODUCT_NAME = "$(TARGET_NAME)";
				SWIFT_VERSION = 4.2;
				TARGETED_DEVICE_FAMILY = "1,2";
				TEST_HOST = "$(BUILT_PRODUCTS_DIR)/aware-client-ios-v2.app/aware-client-ios-v2";
			};
			name = Debug;
		};
		4FFE19A32226A10D00C4715E /* Release */ = {
			isa = XCBuildConfiguration;
			baseConfigurationReference = BF5B103C3706AC11B323A059 /* Pods-aware-client-ios-v2Tests.release.xcconfig */;
			buildSettings = {
				ALWAYS_EMBED_SWIFT_STANDARD_LIBRARIES = YES;
				BUNDLE_LOADER = "$(TEST_HOST)";
				CODE_SIGN_STYLE = Automatic;
				DEVELOPMENT_TEAM = FH352PYMNC;
				INFOPLIST_FILE = "aware-client-ios-v2Tests/Info.plist";
				LD_RUNPATH_SEARCH_PATHS = (
					"$(inherited)",
					"@executable_path/Frameworks",
					"@loader_path/Frameworks",
				);
				PRODUCT_BUNDLE_IDENTIFIER = "com.yuukinishiyama.app.aware-client-ios-v2Tests";
				PRODUCT_NAME = "$(TARGET_NAME)";
				SWIFT_VERSION = 4.2;
				TARGETED_DEVICE_FAMILY = "1,2";
				TEST_HOST = "$(BUILT_PRODUCTS_DIR)/aware-client-ios-v2.app/aware-client-ios-v2";
			};
			name = Release;
		};
		4FFE19A52226A10D00C4715E /* Debug */ = {
			isa = XCBuildConfiguration;
			baseConfigurationReference = 39E693A19364B6AA53558A4D /* Pods-aware-client-ios-v2UITests.debug.xcconfig */;
			buildSettings = {
				ALWAYS_EMBED_SWIFT_STANDARD_LIBRARIES = YES;
				CODE_SIGN_STYLE = Automatic;
				DEVELOPMENT_TEAM = FH352PYMNC;
				INFOPLIST_FILE = "aware-client-ios-v2UITests/Info.plist";
				LD_RUNPATH_SEARCH_PATHS = (
					"$(inherited)",
					"@executable_path/Frameworks",
					"@loader_path/Frameworks",
				);
				PRODUCT_BUNDLE_IDENTIFIER = "com.yuukinishiyama.app.aware-client-ios-v2UITests";
				PRODUCT_NAME = "$(TARGET_NAME)";
				SWIFT_VERSION = 4.2;
				TARGETED_DEVICE_FAMILY = "1,2";
				TEST_TARGET_NAME = "aware-client-ios-v2";
			};
			name = Debug;
		};
		4FFE19A62226A10D00C4715E /* Release */ = {
			isa = XCBuildConfiguration;
			baseConfigurationReference = BB79C8BA8158E5B1EAD9E7E9 /* Pods-aware-client-ios-v2UITests.release.xcconfig */;
			buildSettings = {
				ALWAYS_EMBED_SWIFT_STANDARD_LIBRARIES = YES;
				CODE_SIGN_STYLE = Automatic;
				DEVELOPMENT_TEAM = FH352PYMNC;
				INFOPLIST_FILE = "aware-client-ios-v2UITests/Info.plist";
				LD_RUNPATH_SEARCH_PATHS = (
					"$(inherited)",
					"@executable_path/Frameworks",
					"@loader_path/Frameworks",
				);
				PRODUCT_BUNDLE_IDENTIFIER = "com.yuukinishiyama.app.aware-client-ios-v2UITests";
				PRODUCT_NAME = "$(TARGET_NAME)";
				SWIFT_VERSION = 4.2;
				TARGETED_DEVICE_FAMILY = "1,2";
				TEST_TARGET_NAME = "aware-client-ios-v2";
			};
			name = Release;
		};
/* End XCBuildConfiguration section */

/* Begin XCConfigurationList section */
		4FFE196E2226A10B00C4715E /* Build configuration list for PBXProject "aware-client-ios-v2" */ = {
			isa = XCConfigurationList;
			buildConfigurations = (
				4FFE199C2226A10D00C4715E /* Debug */,
				4FFE199D2226A10D00C4715E /* Release */,
			);
			defaultConfigurationIsVisible = 0;
			defaultConfigurationName = Release;
		};
		4FFE199E2226A10D00C4715E /* Build configuration list for PBXNativeTarget "aware-client-ios-v2" */ = {
			isa = XCConfigurationList;
			buildConfigurations = (
				4FFE199F2226A10D00C4715E /* Debug */,
				4FFE19A02226A10D00C4715E /* Release */,
			);
			defaultConfigurationIsVisible = 0;
			defaultConfigurationName = Release;
		};
		4FFE19A12226A10D00C4715E /* Build configuration list for PBXNativeTarget "aware-client-ios-v2Tests" */ = {
			isa = XCConfigurationList;
			buildConfigurations = (
				4FFE19A22226A10D00C4715E /* Debug */,
				4FFE19A32226A10D00C4715E /* Release */,
			);
			defaultConfigurationIsVisible = 0;
			defaultConfigurationName = Release;
		};
		4FFE19A42226A10D00C4715E /* Build configuration list for PBXNativeTarget "aware-client-ios-v2UITests" */ = {
			isa = XCConfigurationList;
			buildConfigurations = (
				4FFE19A52226A10D00C4715E /* Debug */,
				4FFE19A62226A10D00C4715E /* Release */,
			);
			defaultConfigurationIsVisible = 0;
			defaultConfigurationName = Release;
		};
/* End XCConfigurationList section */

/* Begin XCVersionGroup section */
		4FFE197D2226A10B00C4715E /* aware_client_ios_v2.xcdatamodeld */ = {
			isa = XCVersionGroup;
			children = (
				4FFE197E2226A10B00C4715E /* aware_client_ios_v2.xcdatamodel */,
			);
			currentVersion = 4FFE197E2226A10B00C4715E /* aware_client_ios_v2.xcdatamodel */;
			path = aware_client_ios_v2.xcdatamodeld;
			sourceTree = "<group>";
			versionGroupType = wrapper.xcdatamodel;
		};
/* End XCVersionGroup section */
	};
	rootObject = 4FFE196B2226A10B00C4715E /* Project object */;
}
